// !$*UTF8*$!
{
	archiveVersion = 1;
	classes = {
	};
	objectVersion = 46;
	objects = {

/* Begin PBXBuildFile section */
		2963CC87321BC4F37471B787 /* Pods_GridDemo.framework in Frameworks */ = {isa = PBXBuildFile; fileRef = 106403361409A1C731FD5D13 /* Pods_GridDemo.framework */; };
		314187DC767ECD80F4549E69 /* Pods_GridDemoUITests.framework in Frameworks */ = {isa = PBXBuildFile; fileRef = D5143CE7C1BA332936EF09FB /* Pods_GridDemoUITests.framework */; };
		B3E658C31E793D080012DA3D /* AppDelegate.swift in Sources */ = {isa = PBXBuildFile; fileRef = B3E658C21E793D080012DA3D /* AppDelegate.swift */; };
		B3E658C51E793D080012DA3D /* SimpleViewController.swift in Sources */ = {isa = PBXBuildFile; fileRef = B3E658C41E793D080012DA3D /* SimpleViewController.swift */; };
		B3E658C81E793D080012DA3D /* Main.storyboard in Resources */ = {isa = PBXBuildFile; fileRef = B3E658C61E793D080012DA3D /* Main.storyboard */; };
		B3E658CA1E793D080012DA3D /* Assets.xcassets in Resources */ = {isa = PBXBuildFile; fileRef = B3E658C91E793D080012DA3D /* Assets.xcassets */; };
		B3E658CD1E793D080012DA3D /* LaunchScreen.storyboard in Resources */ = {isa = PBXBuildFile; fileRef = B3E658CB1E793D080012DA3D /* LaunchScreen.storyboard */; };
		B3E658D81E793D080012DA3D /* GridDemoTests.swift in Sources */ = {isa = PBXBuildFile; fileRef = B3E658D71E793D080012DA3D /* GridDemoTests.swift */; };
		B3E658E31E793D080012DA3D /* GridDemoUITests.swift in Sources */ = {isa = PBXBuildFile; fileRef = B3E658E21E793D080012DA3D /* GridDemoUITests.swift */; };
		B3E658F31E7950050012DA3D /* TableViewController.swift in Sources */ = {isa = PBXBuildFile; fileRef = B3E658F21E7950050012DA3D /* TableViewController.swift */; };
		B3E658F51E79507F0012DA3D /* MultipleViewController.swift in Sources */ = {isa = PBXBuildFile; fileRef = B3E658F41E79507F0012DA3D /* MultipleViewController.swift */; };
		B3E658F71E79526C0012DA3D /* IrregularViewController.swift in Sources */ = {isa = PBXBuildFile; fileRef = B3E658F61E79526C0012DA3D /* IrregularViewController.swift */; };
		B3E658F91E7952A40012DA3D /* BaseViewController.swift in Sources */ = {isa = PBXBuildFile; fileRef = B3E658F81E7952A40012DA3D /* BaseViewController.swift */; };
		BED9165D51B034DEC789DB44 /* Pods_GridDemoTests.framework in Frameworks */ = {isa = PBXBuildFile; fileRef = 590C1A90F1EB6FC72342CA5F /* Pods_GridDemoTests.framework */; };
/* End PBXBuildFile section */

/* Begin PBXContainerItemProxy section */
		B3E658D41E793D080012DA3D /* PBXContainerItemProxy */ = {
			isa = PBXContainerItemProxy;
			containerPortal = B3E658B71E793D080012DA3D /* Project object */;
			proxyType = 1;
			remoteGlobalIDString = B3E658BE1E793D080012DA3D;
			remoteInfo = GridDemo;
		};
		B3E658DF1E793D080012DA3D /* PBXContainerItemProxy */ = {
			isa = PBXContainerItemProxy;
			containerPortal = B3E658B71E793D080012DA3D /* Project object */;
			proxyType = 1;
			remoteGlobalIDString = B3E658BE1E793D080012DA3D;
			remoteInfo = GridDemo;
		};
/* End PBXContainerItemProxy section */

/* Begin PBXFileReference section */
		106403361409A1C731FD5D13 /* Pods_GridDemo.framework */ = {isa = PBXFileReference; explicitFileType = wrapper.framework; includeInIndex = 0; path = Pods_GridDemo.framework; sourceTree = BUILT_PRODUCTS_DIR; };
		279E423087853BD03DFEA33E /* Pods-GridDemoTests.release.xcconfig */ = {isa = PBXFileReference; includeInIndex = 1; lastKnownFileType = text.xcconfig; name = "Pods-GridDemoTests.release.xcconfig"; path = "Pods/Target Support Files/Pods-GridDemoTests/Pods-GridDemoTests.release.xcconfig"; sourceTree = "<group>"; };
		590C1A90F1EB6FC72342CA5F /* Pods_GridDemoTests.framework */ = {isa = PBXFileReference; explicitFileType = wrapper.framework; includeInIndex = 0; path = Pods_GridDemoTests.framework; sourceTree = BUILT_PRODUCTS_DIR; };
		76CC7E54BC9896F94914C169 /* Pods-GridDemo.release.xcconfig */ = {isa = PBXFileReference; includeInIndex = 1; lastKnownFileType = text.xcconfig; name = "Pods-GridDemo.release.xcconfig"; path = "Pods/Target Support Files/Pods-GridDemo/Pods-GridDemo.release.xcconfig"; sourceTree = "<group>"; };
		7B34932F12D48EAF980A0C6F /* Pods-GridDemoTests.debug.xcconfig */ = {isa = PBXFileReference; includeInIndex = 1; lastKnownFileType = text.xcconfig; name = "Pods-GridDemoTests.debug.xcconfig"; path = "Pods/Target Support Files/Pods-GridDemoTests/Pods-GridDemoTests.debug.xcconfig"; sourceTree = "<group>"; };
		82FF6660D5427178C07BF731 /* Pods-GridDemoUITests.release.xcconfig */ = {isa = PBXFileReference; includeInIndex = 1; lastKnownFileType = text.xcconfig; name = "Pods-GridDemoUITests.release.xcconfig"; path = "Pods/Target Support Files/Pods-GridDemoUITests/Pods-GridDemoUITests.release.xcconfig"; sourceTree = "<group>"; };
		8D65C32AF0F3343244C54A5E /* Pods-GridDemoUITests.debug.xcconfig */ = {isa = PBXFileReference; includeInIndex = 1; lastKnownFileType = text.xcconfig; name = "Pods-GridDemoUITests.debug.xcconfig"; path = "Pods/Target Support Files/Pods-GridDemoUITests/Pods-GridDemoUITests.debug.xcconfig"; sourceTree = "<group>"; };
		B3E658BF1E793D080012DA3D /* GridDemo.app */ = {isa = PBXFileReference; explicitFileType = wrapper.application; includeInIndex = 0; path = GridDemo.app; sourceTree = BUILT_PRODUCTS_DIR; };
		B3E658C21E793D080012DA3D /* AppDelegate.swift */ = {isa = PBXFileReference; lastKnownFileType = sourcecode.swift; path = AppDelegate.swift; sourceTree = "<group>"; };
		B3E658C41E793D080012DA3D /* SimpleViewController.swift */ = {isa = PBXFileReference; lastKnownFileType = sourcecode.swift; path = SimpleViewController.swift; sourceTree = "<group>"; };
		B3E658C71E793D080012DA3D /* Base */ = {isa = PBXFileReference; lastKnownFileType = file.storyboard; name = Base; path = Base.lproj/Main.storyboard; sourceTree = "<group>"; };
		B3E658C91E793D080012DA3D /* Assets.xcassets */ = {isa = PBXFileReference; lastKnownFileType = folder.assetcatalog; path = Assets.xcassets; sourceTree = "<group>"; };
		B3E658CC1E793D080012DA3D /* Base */ = {isa = PBXFileReference; lastKnownFileType = file.storyboard; name = Base; path = Base.lproj/LaunchScreen.storyboard; sourceTree = "<group>"; };
		B3E658CE1E793D080012DA3D /* Info.plist */ = {isa = PBXFileReference; lastKnownFileType = text.plist.xml; path = Info.plist; sourceTree = "<group>"; };
		B3E658D31E793D080012DA3D /* GridDemoTests.xctest */ = {isa = PBXFileReference; explicitFileType = wrapper.cfbundle; includeInIndex = 0; path = GridDemoTests.xctest; sourceTree = BUILT_PRODUCTS_DIR; };
		B3E658D71E793D080012DA3D /* GridDemoTests.swift */ = {isa = PBXFileReference; lastKnownFileType = sourcecode.swift; path = GridDemoTests.swift; sourceTree = "<group>"; };
		B3E658D91E793D080012DA3D /* Info.plist */ = {isa = PBXFileReference; lastKnownFileType = text.plist.xml; path = Info.plist; sourceTree = "<group>"; };
		B3E658DE1E793D080012DA3D /* GridDemoUITests.xctest */ = {isa = PBXFileReference; explicitFileType = wrapper.cfbundle; includeInIndex = 0; path = GridDemoUITests.xctest; sourceTree = BUILT_PRODUCTS_DIR; };
		B3E658E21E793D080012DA3D /* GridDemoUITests.swift */ = {isa = PBXFileReference; lastKnownFileType = sourcecode.swift; path = GridDemoUITests.swift; sourceTree = "<group>"; };
		B3E658E41E793D080012DA3D /* Info.plist */ = {isa = PBXFileReference; lastKnownFileType = text.plist.xml; path = Info.plist; sourceTree = "<group>"; };
		B3E658F21E7950050012DA3D /* TableViewController.swift */ = {isa = PBXFileReference; fileEncoding = 4; lastKnownFileType = sourcecode.swift; path = TableViewController.swift; sourceTree = "<group>"; };
		B3E658F41E79507F0012DA3D /* MultipleViewController.swift */ = {isa = PBXFileReference; fileEncoding = 4; lastKnownFileType = sourcecode.swift; path = MultipleViewController.swift; sourceTree = "<group>"; };
		B3E658F61E79526C0012DA3D /* IrregularViewController.swift */ = {isa = PBXFileReference; fileEncoding = 4; lastKnownFileType = sourcecode.swift; path = IrregularViewController.swift; sourceTree = "<group>"; };
		B3E658F81E7952A40012DA3D /* BaseViewController.swift */ = {isa = PBXFileReference; fileEncoding = 4; lastKnownFileType = sourcecode.swift; path = BaseViewController.swift; sourceTree = "<group>"; };
		D5143CE7C1BA332936EF09FB /* Pods_GridDemoUITests.framework */ = {isa = PBXFileReference; explicitFileType = wrapper.framework; includeInIndex = 0; path = Pods_GridDemoUITests.framework; sourceTree = BUILT_PRODUCTS_DIR; };
		EAC3A4087FA2CAFAE9C311A1 /* Pods-GridDemo.debug.xcconfig */ = {isa = PBXFileReference; includeInIndex = 1; lastKnownFileType = text.xcconfig; name = "Pods-GridDemo.debug.xcconfig"; path = "Pods/Target Support Files/Pods-GridDemo/Pods-GridDemo.debug.xcconfig"; sourceTree = "<group>"; };
/* End PBXFileReference section */

/* Begin PBXFrameworksBuildPhase section */
		B3E658BC1E793D080012DA3D /* Frameworks */ = {
			isa = PBXFrameworksBuildPhase;
			buildActionMask = 2147483647;
			files = (
				2963CC87321BC4F37471B787 /* Pods_GridDemo.framework in Frameworks */,
			);
			runOnlyForDeploymentPostprocessing = 0;
		};
		B3E658D01E793D080012DA3D /* Frameworks */ = {
			isa = PBXFrameworksBuildPhase;
			buildActionMask = 2147483647;
			files = (
				BED9165D51B034DEC789DB44 /* Pods_GridDemoTests.framework in Frameworks */,
			);
			runOnlyForDeploymentPostprocessing = 0;
		};
		B3E658DB1E793D080012DA3D /* Frameworks */ = {
			isa = PBXFrameworksBuildPhase;
			buildActionMask = 2147483647;
			files = (
				314187DC767ECD80F4549E69 /* Pods_GridDemoUITests.framework in Frameworks */,
			);
			runOnlyForDeploymentPostprocessing = 0;
		};
/* End PBXFrameworksBuildPhase section */

/* Begin PBXGroup section */
		0C654D69CA4DB000FB393866 /* Frameworks */ = {
			isa = PBXGroup;
			children = (
				106403361409A1C731FD5D13 /* Pods_GridDemo.framework */,
				590C1A90F1EB6FC72342CA5F /* Pods_GridDemoTests.framework */,
				D5143CE7C1BA332936EF09FB /* Pods_GridDemoUITests.framework */,
			);
			name = Frameworks;
			sourceTree = "<group>";
		};
		B331DEDF8D4A55FAC59D0866 /* Pods */ = {
			isa = PBXGroup;
			children = (
				EAC3A4087FA2CAFAE9C311A1 /* Pods-GridDemo.debug.xcconfig */,
				76CC7E54BC9896F94914C169 /* Pods-GridDemo.release.xcconfig */,
				7B34932F12D48EAF980A0C6F /* Pods-GridDemoTests.debug.xcconfig */,
				279E423087853BD03DFEA33E /* Pods-GridDemoTests.release.xcconfig */,
				8D65C32AF0F3343244C54A5E /* Pods-GridDemoUITests.debug.xcconfig */,
				82FF6660D5427178C07BF731 /* Pods-GridDemoUITests.release.xcconfig */,
			);
			name = Pods;
			sourceTree = "<group>";
		};
		B3E658B61E793D080012DA3D = {
			isa = PBXGroup;
			children = (
				B3E658C11E793D080012DA3D /* GridDemo */,
				B3E658D61E793D080012DA3D /* GridDemoTests */,
				B3E658E11E793D080012DA3D /* GridDemoUITests */,
				B3E658C01E793D080012DA3D /* Products */,
				B331DEDF8D4A55FAC59D0866 /* Pods */,
				0C654D69CA4DB000FB393866 /* Frameworks */,
			);
			sourceTree = "<group>";
		};
		B3E658C01E793D080012DA3D /* Products */ = {
			isa = PBXGroup;
			children = (
				B3E658BF1E793D080012DA3D /* GridDemo.app */,
				B3E658D31E793D080012DA3D /* GridDemoTests.xctest */,
				B3E658DE1E793D080012DA3D /* GridDemoUITests.xctest */,
			);
			name = Products;
			sourceTree = "<group>";
		};
		B3E658C11E793D080012DA3D /* GridDemo */ = {
			isa = PBXGroup;
			children = (
				B3E658C21E793D080012DA3D /* AppDelegate.swift */,
				B3E658F21E7950050012DA3D /* TableViewController.swift */,
				B3E658F81E7952A40012DA3D /* BaseViewController.swift */,
				B3E658C41E793D080012DA3D /* SimpleViewController.swift */,
				B3E658F41E79507F0012DA3D /* MultipleViewController.swift */,
				B3E658F61E79526C0012DA3D /* IrregularViewController.swift */,
				B3E658C61E793D080012DA3D /* Main.storyboard */,
				B3E658C91E793D080012DA3D /* Assets.xcassets */,
				B3E658CB1E793D080012DA3D /* LaunchScreen.storyboard */,
				B3E658CE1E793D080012DA3D /* Info.plist */,
			);
			path = GridDemo;
			sourceTree = "<group>";
		};
		B3E658D61E793D080012DA3D /* GridDemoTests */ = {
			isa = PBXGroup;
			children = (
				B3E658D71E793D080012DA3D /* GridDemoTests.swift */,
				B3E658D91E793D080012DA3D /* Info.plist */,
			);
			path = GridDemoTests;
			sourceTree = "<group>";
		};
		B3E658E11E793D080012DA3D /* GridDemoUITests */ = {
			isa = PBXGroup;
			children = (
				B3E658E21E793D080012DA3D /* GridDemoUITests.swift */,
				B3E658E41E793D080012DA3D /* Info.plist */,
			);
			path = GridDemoUITests;
			sourceTree = "<group>";
		};
/* End PBXGroup section */

/* Begin PBXNativeTarget section */
		B3E658BE1E793D080012DA3D /* GridDemo */ = {
			isa = PBXNativeTarget;
			buildConfigurationList = B3E658E71E793D080012DA3D /* Build configuration list for PBXNativeTarget "GridDemo" */;
			buildPhases = (
				0432B902DBDDDB6734333F28 /* [CP] Check Pods Manifest.lock */,
				B3E658BB1E793D080012DA3D /* Sources */,
				B3E658BC1E793D080012DA3D /* Frameworks */,
				B3E658BD1E793D080012DA3D /* Resources */,
				40CE926575C7B85DF1533144 /* [CP] Embed Pods Frameworks */,
				FE6FA5CFA1D6DDA743CE632C /* [CP] Copy Pods Resources */,
			);
			buildRules = (
			);
			dependencies = (
			);
			name = GridDemo;
			productName = GridDemo;
			productReference = B3E658BF1E793D080012DA3D /* GridDemo.app */;
			productType = "com.apple.product-type.application";
		};
		B3E658D21E793D080012DA3D /* GridDemoTests */ = {
			isa = PBXNativeTarget;
			buildConfigurationList = B3E658EA1E793D080012DA3D /* Build configuration list for PBXNativeTarget "GridDemoTests" */;
			buildPhases = (
				879583E46A5C8132AAB0EBDF /* [CP] Check Pods Manifest.lock */,
				B3E658CF1E793D080012DA3D /* Sources */,
				B3E658D01E793D080012DA3D /* Frameworks */,
				B3E658D11E793D080012DA3D /* Resources */,
				F66B22C1E20BB52786D1EDB9 /* [CP] Embed Pods Frameworks */,
				CCF8151701484CF956AE1001 /* [CP] Copy Pods Resources */,
			);
			buildRules = (
			);
			dependencies = (
				B3E658D51E793D080012DA3D /* PBXTargetDependency */,
			);
			name = GridDemoTests;
			productName = GridDemoTests;
			productReference = B3E658D31E793D080012DA3D /* GridDemoTests.xctest */;
			productType = "com.apple.product-type.bundle.unit-test";
		};
		B3E658DD1E793D080012DA3D /* GridDemoUITests */ = {
			isa = PBXNativeTarget;
			buildConfigurationList = B3E658ED1E793D080012DA3D /* Build configuration list for PBXNativeTarget "GridDemoUITests" */;
			buildPhases = (
				C628FABA104A85DD3BC8AC73 /* [CP] Check Pods Manifest.lock */,
				B3E658DA1E793D080012DA3D /* Sources */,
				B3E658DB1E793D080012DA3D /* Frameworks */,
				B3E658DC1E793D080012DA3D /* Resources */,
				29337146E26AC291D9D17DB9 /* [CP] Embed Pods Frameworks */,
				A9617557E2AF5D414C8D00FC /* [CP] Copy Pods Resources */,
			);
			buildRules = (
			);
			dependencies = (
				B3E658E01E793D080012DA3D /* PBXTargetDependency */,
			);
			name = GridDemoUITests;
			productName = GridDemoUITests;
			productReference = B3E658DE1E793D080012DA3D /* GridDemoUITests.xctest */;
			productType = "com.apple.product-type.bundle.ui-testing";
		};
/* End PBXNativeTarget section */

/* Begin PBXProject section */
		B3E658B71E793D080012DA3D /* Project object */ = {
			isa = PBXProject;
			attributes = {
				LastSwiftUpdateCheck = 0820;
				LastUpgradeCheck = 0820;
				ORGANIZATIONNAME = Leo;
				TargetAttributes = {
					B3E658BE1E793D080012DA3D = {
						CreatedOnToolsVersion = 8.2.1;
						ProvisioningStyle = Automatic;
					};
					B3E658D21E793D080012DA3D = {
						CreatedOnToolsVersion = 8.2.1;
						ProvisioningStyle = Automatic;
						TestTargetID = B3E658BE1E793D080012DA3D;
					};
					B3E658DD1E793D080012DA3D = {
						CreatedOnToolsVersion = 8.2.1;
						ProvisioningStyle = Automatic;
						TestTargetID = B3E658BE1E793D080012DA3D;
					};
				};
			};
			buildConfigurationList = B3E658BA1E793D080012DA3D /* Build configuration list for PBXProject "GridDemo" */;
			compatibilityVersion = "Xcode 3.2";
			developmentRegion = English;
			hasScannedForEncodings = 0;
			knownRegions = (
				en,
				Base,
			);
			mainGroup = B3E658B61E793D080012DA3D;
			productRefGroup = B3E658C01E793D080012DA3D /* Products */;
			projectDirPath = "";
			projectRoot = "";
			targets = (
				B3E658BE1E793D080012DA3D /* GridDemo */,
				B3E658D21E793D080012DA3D /* GridDemoTests */,
				B3E658DD1E793D080012DA3D /* GridDemoUITests */,
			);
		};
/* End PBXProject section */

/* Begin PBXResourcesBuildPhase section */
		B3E658BD1E793D080012DA3D /* Resources */ = {
			isa = PBXResourcesBuildPhase;
			buildActionMask = 2147483647;
			files = (
				B3E658CD1E793D080012DA3D /* LaunchScreen.storyboard in Resources */,
				B3E658CA1E793D080012DA3D /* Assets.xcassets in Resources */,
				B3E658C81E793D080012DA3D /* Main.storyboard in Resources */,
			);
			runOnlyForDeploymentPostprocessing = 0;
		};
		B3E658D11E793D080012DA3D /* Resources */ = {
			isa = PBXResourcesBuildPhase;
			buildActionMask = 2147483647;
			files = (
			);
			runOnlyForDeploymentPostprocessing = 0;
		};
		B3E658DC1E793D080012DA3D /* Resources */ = {
			isa = PBXResourcesBuildPhase;
			buildActionMask = 2147483647;
			files = (
			);
			runOnlyForDeploymentPostprocessing = 0;
		};
/* End PBXResourcesBuildPhase section */

/* Begin PBXShellScriptBuildPhase section */
		0432B902DBDDDB6734333F28 /* [CP] Check Pods Manifest.lock */ = {
			isa = PBXShellScriptBuildPhase;
			buildActionMask = 2147483647;
			files = (
			);
			inputPaths = (
			);
			name = "[CP] Check Pods Manifest.lock";
			outputPaths = (
			);
			runOnlyForDeploymentPostprocessing = 0;
			shellPath = /bin/sh;
			shellScript = "diff \"${PODS_ROOT}/../Podfile.lock\" \"${PODS_ROOT}/Manifest.lock\" > /dev/null\nif [ $? != 0 ] ; then\n    # print error to STDERR\n    echo \"error: The sandbox is not in sync with the Podfile.lock. Run 'pod install' or update your CocoaPods installation.\" >&2\n    exit 1\nfi\n";
			showEnvVarsInLog = 0;
		};
		29337146E26AC291D9D17DB9 /* [CP] Embed Pods Frameworks */ = {
			isa = PBXShellScriptBuildPhase;
			buildActionMask = 2147483647;
			files = (
			);
			inputPaths = (
			);
			name = "[CP] Embed Pods Frameworks";
			outputPaths = (
			);
			runOnlyForDeploymentPostprocessing = 0;
			shellPath = /bin/sh;
			shellScript = "\"${SRCROOT}/Pods/Target Support Files/Pods-GridDemoUITests/Pods-GridDemoUITests-frameworks.sh\"\n";
			showEnvVarsInLog = 0;
		};
		40CE926575C7B85DF1533144 /* [CP] Embed Pods Frameworks */ = {
			isa = PBXShellScriptBuildPhase;
			buildActionMask = 2147483647;
			files = (
			);
			inputPaths = (
			);
			name = "[CP] Embed Pods Frameworks";
			outputPaths = (
			);
			runOnlyForDeploymentPostprocessing = 0;
			shellPath = /bin/sh;
			shellScript = "\"${SRCROOT}/Pods/Target Support Files/Pods-GridDemo/Pods-GridDemo-frameworks.sh\"\n";
			showEnvVarsInLog = 0;
		};
		879583E46A5C8132AAB0EBDF /* [CP] Check Pods Manifest.lock */ = {
			isa = PBXShellScriptBuildPhase;
			buildActionMask = 2147483647;
			files = (
			);
			inputPaths = (
			);
			name = "[CP] Check Pods Manifest.lock";
			outputPaths = (
			);
			runOnlyForDeploymentPostprocessing = 0;
			shellPath = /bin/sh;
			shellScript = "diff \"${PODS_ROOT}/../Podfile.lock\" \"${PODS_ROOT}/Manifest.lock\" > /dev/null\nif [ $? != 0 ] ; then\n    # print error to STDERR\n    echo \"error: The sandbox is not in sync with the Podfile.lock. Run 'pod install' or update your CocoaPods installation.\" >&2\n    exit 1\nfi\n";
			showEnvVarsInLog = 0;
		};
		A9617557E2AF5D414C8D00FC /* [CP] Copy Pods Resources */ = {
			isa = PBXShellScriptBuildPhase;
			buildActionMask = 2147483647;
			files = (
			);
			inputPaths = (
			);
			name = "[CP] Copy Pods Resources";
			outputPaths = (
			);
			runOnlyForDeploymentPostprocessing = 0;
			shellPath = /bin/sh;
			shellScript = "\"${SRCROOT}/Pods/Target Support Files/Pods-GridDemoUITests/Pods-GridDemoUITests-resources.sh\"\n";
			showEnvVarsInLog = 0;
		};
		C628FABA104A85DD3BC8AC73 /* [CP] Check Pods Manifest.lock */ = {
			isa = PBXShellScriptBuildPhase;
			buildActionMask = 2147483647;
			files = (
			);
			inputPaths = (
			);
			name = "[CP] Check Pods Manifest.lock";
			outputPaths = (
			);
			runOnlyForDeploymentPostprocessing = 0;
			shellPath = /bin/sh;
			shellScript = "diff \"${PODS_ROOT}/../Podfile.lock\" \"${PODS_ROOT}/Manifest.lock\" > /dev/null\nif [ $? != 0 ] ; then\n    # print error to STDERR\n    echo \"error: The sandbox is not in sync with the Podfile.lock. Run 'pod install' or update your CocoaPods installation.\" >&2\n    exit 1\nfi\n";
			showEnvVarsInLog = 0;
		};
		CCF8151701484CF956AE1001 /* [CP] Copy Pods Resources */ = {
			isa = PBXShellScriptBuildPhase;
			buildActionMask = 2147483647;
			files = (
			);
			inputPaths = (
			);
			name = "[CP] Copy Pods Resources";
			outputPaths = (
			);
			runOnlyForDeploymentPostprocessing = 0;
			shellPath = /bin/sh;
			shellScript = "\"${SRCROOT}/Pods/Target Support Files/Pods-GridDemoTests/Pods-GridDemoTests-resources.sh\"\n";
			showEnvVarsInLog = 0;
		};
		F66B22C1E20BB52786D1EDB9 /* [CP] Embed Pods Frameworks */ = {
			isa = PBXShellScriptBuildPhase;
			buildActionMask = 2147483647;
			files = (
			);
			inputPaths = (
			);
			name = "[CP] Embed Pods Frameworks";
			outputPaths = (
			);
			runOnlyForDeploymentPostprocessing = 0;
			shellPath = /bin/sh;
			shellScript = "\"${SRCROOT}/Pods/Target Support Files/Pods-GridDemoTests/Pods-GridDemoTests-frameworks.sh\"\n";
			showEnvVarsInLog = 0;
		};
		FE6FA5CFA1D6DDA743CE632C /* [CP] Copy Pods Resources */ = {
			isa = PBXShellScriptBuildPhase;
			buildActionMask = 2147483647;
			files = (
			);
			inputPaths = (
			);
			name = "[CP] Copy Pods Resources";
			outputPaths = (
			);
			runOnlyForDeploymentPostprocessing = 0;
			shellPath = /bin/sh;
			shellScript = "\"${SRCROOT}/Pods/Target Support Files/Pods-GridDemo/Pods-GridDemo-resources.sh\"\n";
			showEnvVarsInLog = 0;
		};
/* End PBXShellScriptBuildPhase section */

/* Begin PBXSourcesBuildPhase section */
		B3E658BB1E793D080012DA3D /* Sources */ = {
			isa = PBXSourcesBuildPhase;
			buildActionMask = 2147483647;
			files = (
				B3E658C51E793D080012DA3D /* SimpleViewController.swift in Sources */,
				B3E658F31E7950050012DA3D /* TableViewController.swift in Sources */,
				B3E658F71E79526C0012DA3D /* IrregularViewController.swift in Sources */,
				B3E658F51E79507F0012DA3D /* MultipleViewController.swift in Sources */,
				B3E658C31E793D080012DA3D /* AppDelegate.swift in Sources */,
				B3E658F91E7952A40012DA3D /* BaseViewController.swift in Sources */,
			);
			runOnlyForDeploymentPostprocessing = 0;
		};
		B3E658CF1E793D080012DA3D /* Sources */ = {
			isa = PBXSourcesBuildPhase;
			buildActionMask = 2147483647;
			files = (
				B3E658D81E793D080012DA3D /* GridDemoTests.swift in Sources */,
			);
			runOnlyForDeploymentPostprocessing = 0;
		};
		B3E658DA1E793D080012DA3D /* Sources */ = {
			isa = PBXSourcesBuildPhase;
			buildActionMask = 2147483647;
			files = (
				B3E658E31E793D080012DA3D /* GridDemoUITests.swift in Sources */,
			);
			runOnlyForDeploymentPostprocessing = 0;
		};
/* End PBXSourcesBuildPhase section */

/* Begin PBXTargetDependency section */
		B3E658D51E793D080012DA3D /* PBXTargetDependency */ = {
			isa = PBXTargetDependency;
			target = B3E658BE1E793D080012DA3D /* GridDemo */;
			targetProxy = B3E658D41E793D080012DA3D /* PBXContainerItemProxy */;
		};
		B3E658E01E793D080012DA3D /* PBXTargetDependency */ = {
			isa = PBXTargetDependency;
			target = B3E658BE1E793D080012DA3D /* GridDemo */;
			targetProxy = B3E658DF1E793D080012DA3D /* PBXContainerItemProxy */;
		};
/* End PBXTargetDependency section */

/* Begin PBXVariantGroup section */
		B3E658C61E793D080012DA3D /* Main.storyboard */ = {
			isa = PBXVariantGroup;
			children = (
				B3E658C71E793D080012DA3D /* Base */,
			);
			name = Main.storyboard;
			sourceTree = "<group>";
		};
		B3E658CB1E793D080012DA3D /* LaunchScreen.storyboard */ = {
			isa = PBXVariantGroup;
			children = (
				B3E658CC1E793D080012DA3D /* Base */,
			);
			name = LaunchScreen.storyboard;
			sourceTree = "<group>";
		};
/* End PBXVariantGroup section */

/* Begin XCBuildConfiguration section */
		B3E658E51E793D080012DA3D /* Debug */ = {
			isa = XCBuildConfiguration;
			buildSettings = {
				ALWAYS_SEARCH_USER_PATHS = NO;
				CLANG_ANALYZER_NONNULL = YES;
				CLANG_CXX_LANGUAGE_STANDARD = "gnu++0x";
				CLANG_CXX_LIBRARY = "libc++";
				CLANG_ENABLE_MODULES = YES;
				CLANG_ENABLE_OBJC_ARC = YES;
				CLANG_WARN_BOOL_CONVERSION = YES;
				CLANG_WARN_CONSTANT_CONVERSION = YES;
				CLANG_WARN_DIRECT_OBJC_ISA_USAGE = YES_ERROR;
				CLANG_WARN_DOCUMENTATION_COMMENTS = YES;
				CLANG_WARN_EMPTY_BODY = YES;
				CLANG_WARN_ENUM_CONVERSION = YES;
				CLANG_WARN_INFINITE_RECURSION = YES;
				CLANG_WARN_INT_CONVERSION = YES;
				CLANG_WARN_OBJC_ROOT_CLASS = YES_ERROR;
				CLANG_WARN_SUSPICIOUS_MOVE = YES;
				CLANG_WARN_UNREACHABLE_CODE = YES;
				CLANG_WARN__DUPLICATE_METHOD_MATCH = YES;
				"CODE_SIGN_IDENTITY[sdk=iphoneos*]" = "iPhone Developer";
				COPY_PHASE_STRIP = NO;
				DEBUG_INFORMATION_FORMAT = dwarf;
				ENABLE_STRICT_OBJC_MSGSEND = YES;
				ENABLE_TESTABILITY = YES;
				GCC_C_LANGUAGE_STANDARD = gnu99;
				GCC_DYNAMIC_NO_PIC = NO;
				GCC_NO_COMMON_BLOCKS = YES;
				GCC_OPTIMIZATION_LEVEL = 0;
				GCC_PREPROCESSOR_DEFINITIONS = (
					"DEBUG=1",
					"$(inherited)",
				);
				GCC_WARN_64_TO_32_BIT_CONVERSION = YES;
				GCC_WARN_ABOUT_RETURN_TYPE = YES_ERROR;
				GCC_WARN_UNDECLARED_SELECTOR = YES;
				GCC_WARN_UNINITIALIZED_AUTOS = YES_AGGRESSIVE;
				GCC_WARN_UNUSED_FUNCTION = YES;
				GCC_WARN_UNUSED_VARIABLE = YES;
				IPHONEOS_DEPLOYMENT_TARGET = 10.2;
				MTL_ENABLE_DEBUG_INFO = YES;
				ONLY_ACTIVE_ARCH = YES;
				SDKROOT = iphoneos;
				SWIFT_ACTIVE_COMPILATION_CONDITIONS = DEBUG;
				SWIFT_OPTIMIZATION_LEVEL = "-Onone";
				TARGETED_DEVICE_FAMILY = "1,2";
			};
			name = Debug;
		};
		B3E658E61E793D080012DA3D /* Release */ = {
			isa = XCBuildConfiguration;
			buildSettings = {
				ALWAYS_SEARCH_USER_PATHS = NO;
				CLANG_ANALYZER_NONNULL = YES;
				CLANG_CXX_LANGUAGE_STANDARD = "gnu++0x";
				CLANG_CXX_LIBRARY = "libc++";
				CLANG_ENABLE_MODULES = YES;
				CLANG_ENABLE_OBJC_ARC = YES;
				CLANG_WARN_BOOL_CONVERSION = YES;
				CLANG_WARN_CONSTANT_CONVERSION = YES;
				CLANG_WARN_DIRECT_OBJC_ISA_USAGE = YES_ERROR;
				CLANG_WARN_DOCUMENTATION_COMMENTS = YES;
				CLANG_WARN_EMPTY_BODY = YES;
				CLANG_WARN_ENUM_CONVERSION = YES;
				CLANG_WARN_INFINITE_RECURSION = YES;
				CLANG_WARN_INT_CONVERSION = YES;
				CLANG_WARN_OBJC_ROOT_CLASS = YES_ERROR;
				CLANG_WARN_SUSPICIOUS_MOVE = YES;
				CLANG_WARN_UNREACHABLE_CODE = YES;
				CLANG_WARN__DUPLICATE_METHOD_MATCH = YES;
				"CODE_SIGN_IDENTITY[sdk=iphoneos*]" = "iPhone Developer";
				COPY_PHASE_STRIP = NO;
				DEBUG_INFORMATION_FORMAT = "dwarf-with-dsym";
				ENABLE_NS_ASSERTIONS = NO;
				ENABLE_STRICT_OBJC_MSGSEND = YES;
				GCC_C_LANGUAGE_STANDARD = gnu99;
				GCC_NO_COMMON_BLOCKS = YES;
				GCC_WARN_64_TO_32_BIT_CONVERSION = YES;
				GCC_WARN_ABOUT_RETURN_TYPE = YES_ERROR;
				GCC_WARN_UNDECLARED_SELECTOR = YES;
				GCC_WARN_UNINITIALIZED_AUTOS = YES_AGGRESSIVE;
				GCC_WARN_UNUSED_FUNCTION = YES;
				GCC_WARN_UNUSED_VARIABLE = YES;
				IPHONEOS_DEPLOYMENT_TARGET = 10.2;
				MTL_ENABLE_DEBUG_INFO = NO;
				SDKROOT = iphoneos;
				SWIFT_OPTIMIZATION_LEVEL = "-Owholemodule";
				TARGETED_DEVICE_FAMILY = "1,2";
				VALIDATE_PRODUCT = YES;
			};
			name = Release;
		};
		B3E658E81E793D080012DA3D /* Debug */ = {
			isa = XCBuildConfiguration;
			baseConfigurationReference = EAC3A4087FA2CAFAE9C311A1 /* Pods-GridDemo.debug.xcconfig */;
			buildSettings = {
				ASSETCATALOG_COMPILER_APPICON_NAME = AppIcon;
				INFOPLIST_FILE = GridDemo/Info.plist;
				IPHONEOS_DEPLOYMENT_TARGET = 8.0;
				LD_RUNPATH_SEARCH_PATHS = "$(inherited) @executable_path/Frameworks";
				PRODUCT_BUNDLE_IDENTIFIER = me.leodev.GridDemo;
				PRODUCT_NAME = "$(TARGET_NAME)";
				SWIFT_VERSION = 3.0;
			};
			name = Debug;
		};
		B3E658E91E793D080012DA3D /* Release */ = {
			isa = XCBuildConfiguration;
			baseConfigurationReference = 76CC7E54BC9896F94914C169 /* Pods-GridDemo.release.xcconfig */;
			buildSettings = {
				ASSETCATALOG_COMPILER_APPICON_NAME = AppIcon;
				INFOPLIST_FILE = GridDemo/Info.plist;
				IPHONEOS_DEPLOYMENT_TARGET = 8.0;
				LD_RUNPATH_SEARCH_PATHS = "$(inherited) @executable_path/Frameworks";
				PRODUCT_BUNDLE_IDENTIFIER = me.leodev.GridDemo;
				PRODUCT_NAME = "$(TARGET_NAME)";
				SWIFT_VERSION = 3.0;
			};
			name = Release;
		};
		B3E658EB1E793D080012DA3D /* Debug */ = {
			isa = XCBuildConfiguration;
			baseConfigurationReference = 7B34932F12D48EAF980A0C6F /* Pods-GridDemoTests.debug.xcconfig */;
			buildSettings = {
				ALWAYS_EMBED_SWIFT_STANDARD_LIBRARIES = YES;
				BUNDLE_LOADER = "$(TEST_HOST)";
				INFOPLIST_FILE = GridDemoTests/Info.plist;
				LD_RUNPATH_SEARCH_PATHS = "$(inherited) @executable_path/Frameworks @loader_path/Frameworks";
				PRODUCT_BUNDLE_IDENTIFIER = me.leodev.GridDemoTests;
				PRODUCT_NAME = "$(TARGET_NAME)";
				SWIFT_VERSION = 3.0;
				TEST_HOST = "$(BUILT_PRODUCTS_DIR)/GridDemo.app/GridDemo";
			};
			name = Debug;
		};
		B3E658EC1E793D080012DA3D /* Release */ = {
			isa = XCBuildConfiguration;
			baseConfigurationReference = 279E423087853BD03DFEA33E /* Pods-GridDemoTests.release.xcconfig */;
			buildSettings = {
				ALWAYS_EMBED_SWIFT_STANDARD_LIBRARIES = YES;
				BUNDLE_LOADER = "$(TEST_HOST)";
				INFOPLIST_FILE = GridDemoTests/Info.plist;
				LD_RUNPATH_SEARCH_PATHS = "$(inherited) @executable_path/Frameworks @loader_path/Frameworks";
				PRODUCT_BUNDLE_IDENTIFIER = me.leodev.GridDemoTests;
				PRODUCT_NAME = "$(TARGET_NAME)";
				SWIFT_VERSION = 3.0;
				TEST_HOST = "$(BUILT_PRODUCTS_DIR)/GridDemo.app/GridDemo";
			};
			name = Release;
		};
		B3E658EE1E793D080012DA3D /* Debug */ = {
			isa = XCBuildConfiguration;
			baseConfigurationReference = 8D65C32AF0F3343244C54A5E /* Pods-GridDemoUITests.debug.xcconfig */;
			buildSettings = {
				ALWAYS_EMBED_SWIFT_STANDARD_LIBRARIES = YES;
				INFOPLIST_FILE = GridDemoUITests/Info.plist;
				LD_RUNPATH_SEARCH_PATHS = "$(inherited) @executable_path/Frameworks @loader_path/Frameworks";
				PRODUCT_BUNDLE_IDENTIFIER = me.leodev.GridDemoUITests;
				PRODUCT_NAME = "$(TARGET_NAME)";
				SWIFT_VERSION = 3.0;
				TEST_TARGET_NAME = GridDemo;
			};
			name = Debug;
		};
		B3E658EF1E793D080012DA3D /* Release */ = {
			isa = XCBuildConfiguration;
			baseConfigurationReference = 82FF6660D5427178C07BF731 /* Pods-GridDemoUITests.release.xcconfig */;
			buildSettings = {
				ALWAYS_EMBED_SWIFT_STANDARD_LIBRARIES = YES;
				INFOPLIST_FILE = GridDemoUITests/Info.plist;
				LD_RUNPATH_SEARCH_PATHS = "$(inherited) @executable_path/Frameworks @loader_path/Frameworks";
				PRODUCT_BUNDLE_IDENTIFIER = me.leodev.GridDemoUITests;
				PRODUCT_NAME = "$(TARGET_NAME)";
				SWIFT_VERSION = 3.0;
				TEST_TARGET_NAME = GridDemo;
			};
			name = Release;
		};
/* End XCBuildConfiguration section */

/* Begin XCConfigurationList section */
		B3E658BA1E793D080012DA3D /* Build configuration list for PBXProject "GridDemo" */ = {
			isa = XCConfigurationList;
			buildConfigurations = (
				B3E658E51E793D080012DA3D /* Debug */,
				B3E658E61E793D080012DA3D /* Release */,
			);
			defaultConfigurationIsVisible = 0;
			defaultConfigurationName = Release;
		};
		B3E658E71E793D080012DA3D /* Build configuration list for PBXNativeTarget "GridDemo" */ = {
			isa = XCConfigurationList;
			buildConfigurations = (
				B3E658E81E793D080012DA3D /* Debug */,
				B3E658E91E793D080012DA3D /* Release */,
			);
			defaultConfigurationIsVisible = 0;
			defaultConfigurationName = Release;
		};
		B3E658EA1E793D080012DA3D /* Build configuration list for PBXNativeTarget "GridDemoTests" */ = {
			isa = XCConfigurationList;
			buildConfigurations = (
				B3E658EB1E793D080012DA3D /* Debug */,
				B3E658EC1E793D080012DA3D /* Release */,
			);
			defaultConfigurationIsVisible = 0;
			defaultConfigurationName = Release;
		};
		B3E658ED1E793D080012DA3D /* Build configuration list for PBXNativeTarget "GridDemoUITests" */ = {
			isa = XCConfigurationList;
			buildConfigurations = (
				B3E658EE1E793D080012DA3D /* Debug */,
				B3E658EF1E793D080012DA3D /* Release */,
			);
			defaultConfigurationIsVisible = 0;
			defaultConfigurationName = Release;
		};
/* End XCConfigurationList section */
	};
	rootObject = B3E658B71E793D080012DA3D /* Project object */;
}
